
Microsoft Visual Studio Solution File, Format Version 12.00
# Visual Studio Version 17
VisualStudioVersion = 17.7.34031.279
MinimumVisualStudioVersion = 10.0.40219.1
Project("{FAE04EC0-301F-11D3-BF4B-00C04F79EFBC}") = "Practica17visual", "Practica17visual\Practica17visual.csproj", "{ED8B6A95-51F5-48C0-92B2-C4E9F0606971}"
EndProject
Global
	GlobalSection(SolutionConfigurationPlatforms) = preSolution
		Debug|Any CPU = Debug|Any CPU
		Release|Any CPU = Release|Any CPU
	EndGlobalSection
	GlobalSection(ProjectConfigurationPlatforms) = postSolution
		{ED8B6A95-51F5-48C0-92B2-C4E9F0606971}.Debug|Any CPU.ActiveCfg = Debug|Any CPU
		{ED8B6A95-51F5-48C0-92B2-C4E9F0606971}.Debug|Any CPU.Build.0 = Debug|Any CPU
		{ED8B6A95-51F5-48C0-92B2-C4E9F0606971}.Release|Any CPU.ActiveCfg = Release|Any CPU
		{ED8B6A95-51F5-48C0-92B2-C4E9F0606971}.Release|Any CPU.Build.0 = Release|Any CPU
	EndGlobalSection
	GlobalSection(SolutionProperties) = preSolution
		HideSolutionNode = FALSE
	EndGlobalSection
	GlobalSection(ExtensibilityGlobals) = postSolution
		SolutionGuid = {736C9352-D4CB-48DF-B236-D4320538D405}
	EndGlobalSection
EndGlobal
